
Microsoft Visual Studio Solution File, Format Version 12.00
# Visual Studio Version 16
VisualStudioVersion = 16.0.29806.167
MinimumVisualStudioVersion = 10.0.40219.1
Project("{9A19103F-16F7-4668-BE54-9A1E7A4F7556}") = "Pavan.NetCore.Api", "Pavan.NetCore.API\Pavan.NetCore.Api.csproj", "{0E60147E-A84A-4082-8D70-C1FB8A188613}"
EndProject
Project("{9A19103F-16F7-4668-BE54-9A1E7A4F7556}") = "Pavan.NetCore.UI", "Pavan.NetCore.UI\Pavan.NetCore.UI.csproj", "{B1622C77-3338-4AA1-9550-008A875DF363}"
EndProject
Global
	GlobalSection(SolutionConfigurationPlatforms) = preSolution
		Debug|Any CPU = Debug|Any CPU
		Release|Any CPU = Release|Any CPU
	EndGlobalSection
	GlobalSection(ProjectConfigurationPlatforms) = postSolution
		{0E60147E-A84A-4082-8D70-C1FB8A188613}.Debug|Any CPU.ActiveCfg = Debug|Any CPU
		{0E60147E-A84A-4082-8D70-C1FB8A188613}.Debug|Any CPU.Build.0 = Debug|Any CPU
		{0E60147E-A84A-4082-8D70-C1FB8A188613}.Release|Any CPU.ActiveCfg = Release|Any CPU
		{0E60147E-A84A-4082-8D70-C1FB8A188613}.Release|Any CPU.Build.0 = Release|Any CPU
		{B1622C77-3338-4AA1-9550-008A875DF363}.Debug|Any CPU.ActiveCfg = Debug|Any CPU
		{B1622C77-3338-4AA1-9550-008A875DF363}.Debug|Any CPU.Build.0 = Debug|Any CPU
		{B1622C77-3338-4AA1-9550-008A875DF363}.Release|Any CPU.ActiveCfg = Release|Any CPU
		{B1622C77-3338-4AA1-9550-008A875DF363}.Release|Any CPU.Build.0 = Release|Any CPU
	EndGlobalSection
	GlobalSection(SolutionProperties) = preSolution
		HideSolutionNode = FALSE
	EndGlobalSection
	GlobalSection(ExtensibilityGlobals) = postSolution
		SolutionGuid = {61BCA5AD-2923-4B47-8561-28126D5E7CBD}
	EndGlobalSection
EndGlobal
